<?xml version="1.0" encoding="utf-8"?>
<Project ToolsVersion="4.0" xmlns="http://schemas.microsoft.com/developer/msbuild/2003">
  <ItemGroup>
    <Filter Include="소스 파일">
      <UniqueIdentifier>{4FC737F1-C7A5-4376-A066-2A32D752A2FF}</UniqueIdentifier>
      <Extensions>cpp;c;cc;cxx;c++;cppm;ixx;def;odl;idl;hpj;bat;asm;asmx</Extensions>
    </Filter>
    <Filter Include="헤더 파일">
      <UniqueIdentifier>{93995380-89BD-4b04-88EB-625FBE52EBFB}</UniqueIdentifier>
      <Extensions>h;hh;hpp;hxx;h++;hm;inl;inc;ipp;xsd</Extensions>
    </Filter>
    <Filter Include="리소스 파일">
      <UniqueIdentifier>{67DA6AB6-F800-4c08-8B7A-83BB121AAD01}</UniqueIdentifier>
      <Extensions>rc;ico;cur;bmp;dlg;rc2;rct;bin;rgs;gif;jpg;jpeg;jpe;resx;tiff;tif;png;wav;mfcribbon-ms</Extensions>
    </Filter>
    <Filter Include="5_Dungeon">
      <UniqueIdentifier>{905fc8cb-b0f3-4a00-a9b9-f3a7dd1e4e7c}</UniqueIdentifier>
    </Filter>
    <Filter Include="4_Field">
      <UniqueIdentifier>{54cdb3f2-2e1a-4738-ad52-70059965c70c}</UniqueIdentifier>
    </Filter>
    <Filter Include="3_Mainmenu">
      <UniqueIdentifier>{09dbbee0-9afc-40d1-8f07-233f18fc31cd}</UniqueIdentifier>
    </Filter>
    <Filter Include="2_Login">
      <UniqueIdentifier>{4c8b00a8-a08e-44ed-b6fd-6b6e393bbe01}</UniqueIdentifier>
    </Filter>
    <Filter Include="1_MainGame">
      <UniqueIdentifier>{cbc2f3d3-7325-48b8-9037-7fe5e66b2edf}</UniqueIdentifier>
    </Filter>
    <Filter Include="6_Inventory">
      <UniqueIdentifier>{7d13f486-31e3-4155-bbfb-6acbc2094260}</UniqueIdentifier>
    </Filter>
    <Filter Include="5_Dungeon\5_HighDungeon">
      <UniqueIdentifier>{70e9c3ec-6b9c-41a7-8f22-68d6560efe14}</UniqueIdentifier>
    </Filter>
    <Filter Include="5_Dungeon\5_LowDungeon">
      <UniqueIdentifier>{471efe68-e5a8-473d-bdc3-e72fb1a386d8}</UniqueIdentifier>
    </Filter>
    <Filter Include="5_Dungeon\5_MiddleDungeon">
      <UniqueIdentifier>{f6b624b6-1789-4408-b009-7f68b9ffed31}</UniqueIdentifier>
    </Filter>
    <Filter Include="7_Storemenu">
      <UniqueIdentifier>{d11dfc50-5fc4-490f-85a9-400c24dd565c}</UniqueIdentifier>
    </Filter>
    <Filter Include="9_Minigame">
      <UniqueIdentifier>{7418ee35-32bb-4238-8c8c-2a5af4771cce}</UniqueIdentifier>
    </Filter>
    <Filter Include="9_Minigame\Roulette">
      <UniqueIdentifier>{2e1f61ab-d0a8-4cf8-bfe3-23419f0efb5d}</UniqueIdentifier>
    </Filter>
    <Filter Include="10_Item">
      <UniqueIdentifier>{d39c63f2-5684-4638-882a-b6bc900487fb}</UniqueIdentifier>
    </Filter>
    <Filter Include="b_Monster">
      <UniqueIdentifier>{c1acc9db-f55d-458a-8eff-125ff2429ac9}</UniqueIdentifier>
    </Filter>
    <Filter Include="8_Store">
      <UniqueIdentifier>{b19c35ab-4ae5-4e86-a4fd-a321740e4462}</UniqueIdentifier>
    </Filter>
    <Filter Include="8_Store\WeaponStore">
      <UniqueIdentifier>{73065437-5d48-4c73-ad75-033d89d80273}</UniqueIdentifier>
    </Filter>
    <Filter Include="a_Player">
      <UniqueIdentifier>{8e6717db-a36c-4254-b815-cf1b0edafb43}</UniqueIdentifier>
    </Filter>
    <Filter Include="a_Player\a_Fighter">
      <UniqueIdentifier>{c002f206-c015-4774-8dc7-eb185f3e0e99}</UniqueIdentifier>
    </Filter>
    <Filter Include="a_Player\a_Mage">
      <UniqueIdentifier>{c467f08f-a4d0-49c0-857b-ab1dd0506065}</UniqueIdentifier>
    </Filter>
    <Filter Include="a_Player\a_Warrior">
      <UniqueIdentifier>{1af41247-ad22-4503-bf7c-90ca13a3ec86}</UniqueIdentifier>
    </Filter>
    <Filter Include="8_Store\ArmorStore">
      <UniqueIdentifier>{74f29741-9440-49c3-89af-e5b8be52505b}</UniqueIdentifier>
    </Filter>
    <Filter Include="10_Item\WearItem">
      <UniqueIdentifier>{1810c6e1-ad96-4e26-bb6b-d818057997e3}</UniqueIdentifier>
    </Filter>
    <Filter Include="10_Item\EatItem">
      <UniqueIdentifier>{ef57ad6b-7da1-4701-977c-d9e63d62b985}</UniqueIdentifier>
    </Filter>
    <Filter Include="8_Store\PotionStore">
      <UniqueIdentifier>{36222252-0b52-4f96-af08-80fa386543f4}</UniqueIdentifier>
    </Filter>
  </ItemGroup>
  <ItemGroup>
    <ClInclude Include="pch.h">
      <Filter>헤더 파일</Filter>
    </ClInclude>
    <ClInclude Include="Define.h">
      <Filter>헤더 파일</Filter>
    </ClInclude>
    <ClInclude Include="Player.h">
      <Filter>a_Player</Filter>
    </ClInclude>
    <ClInclude Include="Monster.h">
      <Filter>b_Monster</Filter>
    </ClInclude>
    <ClInclude Include="MainGame.h">
      <Filter>1_MainGame</Filter>
    </ClInclude>
    <ClInclude Include="Login.h">
      <Filter>2_Login</Filter>
    </ClInclude>
    <ClInclude Include="Mainmenu.h">
      <Filter>3_Mainmenu</Filter>
    </ClInclude>
    <ClInclude Include="Mage.h">
      <Filter>a_Player\a_Mage</Filter>
    </ClInclude>
    <ClInclude Include="Fighter.h">
      <Filter>a_Player\a_Fighter</Filter>
    </ClInclude>
    <ClInclude Include="Warrior.h">
      <Filter>a_Player\a_Warrior</Filter>
    </ClInclude>
    <ClInclude Include="Dungeon.h">
      <Filter>5_Dungeon</Filter>
    </ClInclude>
    <ClInclude Include="Field.h">
      <Filter>4_Field</Filter>
    </ClInclude>
    <ClInclude Include="LowDungeon.h">
      <Filter>5_Dungeon\5_LowDungeon</Filter>
    </ClInclude>
    <ClInclude Include="MiddleDungeon.h">
      <Filter>5_Dungeon\5_MiddleDungeon</Filter>
    </ClInclude>
    <ClInclude Include="HighDungeon.h">
      <Filter>5_Dungeon\5_HighDungeon</Filter>
    </ClInclude>
    <ClInclude Include="Color.h">
      <Filter>헤더 파일</Filter>
    </ClInclude>
    <ClInclude Include="Storemenu.h">
      <Filter>7_Storemenu</Filter>
    </ClInclude>
    <ClInclude Include="Inventory.h">
      <Filter>6_Inventory</Filter>
    </ClInclude>
    <ClInclude Include="Roulette.h">
      <Filter>9_Minigame\Roulette</Filter>
    </ClInclude>
    <ClInclude Include="Item.h">
      <Filter>10_Item</Filter>
    </ClInclude>
    <ClInclude Include="PotionStore.h">
      <Filter>8_Store\PotionStore</Filter>
    </ClInclude>
    <ClInclude Include="ArmorStore.h">
      <Filter>8_Store\ArmorStore</Filter>
    </ClInclude>
    <ClInclude Include="Store.h">
      <Filter>8_Store</Filter>
    </ClInclude>
    <ClInclude Include="WeaponStore.h">
      <Filter>8_Store\WeaponStore</Filter>
    </ClInclude>
    <ClInclude Include="EatItem.h">
      <Filter>10_Item\EatItem</Filter>
    </ClInclude>
    <ClInclude Include="WearItem.h">
      <Filter>10_Item\WearItem</Filter>
    </ClInclude>
  </ItemGroup>
  <ItemGroup>
    <ClCompile Include="Player.cpp">
      <Filter>a_Player</Filter>
    </ClCompile>
    <ClCompile Include="Monster.cpp">
      <Filter>b_Monster</Filter>
    </ClCompile>
    <ClCompile Include="MainGame.cpp">
      <Filter>1_MainGame</Filter>
    </ClCompile>
    <ClCompile Include="Login.cpp">
      <Filter>2_Login</Filter>
    </ClCompile>
    <ClCompile Include="Mainmenu.cpp">
      <Filter>3_Mainmenu</Filter>
    </ClCompile>
    <ClCompile Include="TextRpg.cpp">
      <Filter>소스 파일</Filter>
    </ClCompile>
    <ClCompile Include="Mage.cpp">
      <Filter>a_Player\a_Mage</Filter>
    </ClCompile>
    <ClCompile Include="Fighter.cpp">
      <Filter>a_Player\a_Fighter</Filter>
    </ClCompile>
    <ClCompile Include="Warrior.cpp">
      <Filter>a_Player\a_Warrior</Filter>
    </ClCompile>
    <ClCompile Include="Dungeon.cpp">
      <Filter>5_Dungeon</Filter>
    </ClCompile>
    <ClCompile Include="Field.cpp">
      <Filter>4_Field</Filter>
    </ClCompile>
    <ClCompile Include="LowDungeon.cpp">
      <Filter>5_Dungeon\5_LowDungeon</Filter>
    </ClCompile>
    <ClCompile Include="MiddleDungeon.cpp">
      <Filter>5_Dungeon\5_MiddleDungeon</Filter>
    </ClCompile>
    <ClCompile Include="HighDungeon.cpp">
      <Filter>5_Dungeon\5_HighDungeon</Filter>
    </ClCompile>
    <ClCompile Include="Color.cpp">
      <Filter>소스 파일</Filter>
    </ClCompile>
    <ClCompile Include="Storemenu.cpp">
      <Filter>7_Storemenu</Filter>
    </ClCompile>
    <ClCompile Include="Inventory.cpp">
      <Filter>6_Inventory</Filter>
    </ClCompile>
    <ClCompile Include="Minigame.cpp">
      <Filter>9_Minigame</Filter>
    </ClCompile>
    <ClCompile Include="Roulette.cpp">
      <Filter>9_Minigame\Roulette</Filter>
    </ClCompile>
    <ClCompile Include="PotionStore.cpp">
      <Filter>8_Store\PotionStore</Filter>
    </ClCompile>
    <ClCompile Include="ArmorStore.cpp">
      <Filter>8_Store\ArmorStore</Filter>
    </ClCompile>
    <ClCompile Include="Store.cpp">
      <Filter>8_Store</Filter>
    </ClCompile>
    <ClCompile Include="Item.cpp">
      <Filter>10_Item</Filter>
    </ClCompile>
    <ClCompile Include="WeaponStore.cpp">
      <Filter>8_Store\WeaponStore</Filter>
    </ClCompile>
    <ClCompile Include="EatItem.cpp">
      <Filter>10_Item\EatItem</Filter>
    </ClCompile>
    <ClCompile Include="WearItem.cpp">
      <Filter>10_Item\WearItem</Filter>
    </ClCompile>
  </ItemGroup>
  <ItemGroup>
    <None Include="Minigame.h">
      <Filter>9_Minigame</Filter>
    </None>
  </ItemGroup>
</Project>