<?xml version="1.0" encoding="utf-8"?>
<Project ToolsVersion="4.0" xmlns="http://schemas.microsoft.com/developer/msbuild/2003">
  <ItemGroup>
    <Filter Include="소스 파일">
      <UniqueIdentifier>{4FC737F1-C7A5-4376-A066-2A32D752A2FF}</UniqueIdentifier>
      <Extensions>cpp;c;cc;cxx;c++;cppm;ixx;def;odl;idl;hpj;bat;asm;asmx</Extensions>
    </Filter>
    <Filter Include="헤더 파일">
      <UniqueIdentifier>{93995380-89BD-4b04-88EB-625FBE52EBFB}</UniqueIdentifier>
      <Extensions>h;hh;hpp;hxx;h++;hm;inl;inc;ipp;xsd</Extensions>
    </Filter>
    <Filter Include="리소스 파일">
      <UniqueIdentifier>{67DA6AB6-F800-4c08-8B7A-83BB121AAD01}</UniqueIdentifier>
      <Extensions>rc;ico;cur;bmp;dlg;rc2;rct;bin;rgs;gif;jpg;jpeg;jpe;resx;tiff;tif;png;wav;mfcribbon-ms</Extensions>
    </Filter>
    <Filter Include="DoublyLinkedList">
      <UniqueIdentifier>{796e42e1-9762-4e7b-a6cd-a1873c3cedf3}</UniqueIdentifier>
    </Filter>
    <Filter Include="SinglyLinkedList">
      <UniqueIdentifier>{f7c65707-50db-4377-ac2a-737ea9451ee2}</UniqueIdentifier>
    </Filter>
    <Filter Include="CricleDoublyLinkedList">
      <UniqueIdentifier>{bec52e9b-58cc-48a3-8539-b50ae124fc3b}</UniqueIdentifier>
    </Filter>
    <Filter Include="CricleSinglyLinkedList">
      <UniqueIdentifier>{8df39de4-5de8-4350-b667-79407cb984cf}</UniqueIdentifier>
    </Filter>
  </ItemGroup>
  <ItemGroup>
    <ClCompile Include="SinglyLinkedMain.cpp">
      <Filter>소스 파일</Filter>
    </ClCompile>
    <ClCompile Include="DoublyLinkedList.h">
      <Filter>DoublyLinkedList</Filter>
    </ClCompile>
    <ClCompile Include="DoubleLinkedMain.cpp">
      <Filter>소스 파일</Filter>
    </ClCompile>
    <ClCompile Include="CircleDoublyLinkedMain.cpp">
      <Filter>소스 파일</Filter>
    </ClCompile>
    <ClCompile Include="CircleSinglyLinkedMain.cpp">
      <Filter>소스 파일</Filter>
    </ClCompile>
  </ItemGroup>
  <ItemGroup>
    <ClInclude Include="SinglyLinkedList.h">
      <Filter>SinglyLinkedList</Filter>
    </ClInclude>
    <ClInclude Include="CirlceDoublyLinkedList.h">
      <Filter>CricleDoublyLinkedList</Filter>
    </ClInclude>
    <ClInclude Include="CricleSinglyLinkedList.h">
      <Filter>CricleSinglyLinkedList</Filter>
    </ClInclude>
  </ItemGroup>
</Project>