<?xml version="1.0" encoding="utf-8"?>
<Project ToolsVersion="4.0" xmlns="http://schemas.microsoft.com/developer/msbuild/2003">
  <ItemGroup>
    <Filter Include="소스 파일">
      <UniqueIdentifier>{4FC737F1-C7A5-4376-A066-2A32D752A2FF}</UniqueIdentifier>
      <Extensions>cpp;c;cc;cxx;c++;cppm;ixx;def;odl;idl;hpj;bat;asm;asmx</Extensions>
    </Filter>
    <Filter Include="헤더 파일">
      <UniqueIdentifier>{93995380-89BD-4b04-88EB-625FBE52EBFB}</UniqueIdentifier>
      <Extensions>h;hh;hpp;hxx;h++;hm;inl;inc;ipp;xsd</Extensions>
    </Filter>
    <Filter Include="리소스 파일">
      <UniqueIdentifier>{67DA6AB6-F800-4c08-8B7A-83BB121AAD01}</UniqueIdentifier>
      <Extensions>rc;ico;cur;bmp;dlg;rc2;rct;bin;rgs;gif;jpg;jpeg;jpe;resx;tiff;tif;png;wav;mfcribbon-ms</Extensions>
    </Filter>
    <Filter Include="00_MainGame">
      <UniqueIdentifier>{aa48368f-4b3e-44a2-8139-96ef180d6e5a}</UniqueIdentifier>
    </Filter>
    <Filter Include="a0_Player">
      <UniqueIdentifier>{b46ee12a-7319-45ad-80b3-a876d3b8643b}</UniqueIdentifier>
    </Filter>
    <Filter Include="b0_Monster">
      <UniqueIdentifier>{da85abab-e628-4151-979a-c27de608cc19}</UniqueIdentifier>
    </Filter>
    <Filter Include="01_Login">
      <UniqueIdentifier>{bfe80cc9-83ab-4334-b0c6-b1e065d24c0e}</UniqueIdentifier>
    </Filter>
    <Filter Include="02_MainMenu">
      <UniqueIdentifier>{6d2c78ad-f2bd-4206-a0f6-0c5c9c3cd9d3}</UniqueIdentifier>
    </Filter>
    <Filter Include="03_Field">
      <UniqueIdentifier>{6c31ff70-c97f-48e9-8efe-6736fab22d94}</UniqueIdentifier>
    </Filter>
    <Filter Include="04_Dungeon">
      <UniqueIdentifier>{fca06d58-54a4-4d9d-963d-f76a23cfbde7}</UniqueIdentifier>
    </Filter>
    <Filter Include="05_ShopMenu">
      <UniqueIdentifier>{23e23520-cd7e-4290-835e-ec3d5afcce5f}</UniqueIdentifier>
    </Filter>
    <Filter Include="06_Shop">
      <UniqueIdentifier>{3e4f7acf-845f-4158-b5e6-26b2e6e03079}</UniqueIdentifier>
    </Filter>
    <Filter Include="a0_Player\1_Warrior">
      <UniqueIdentifier>{c48a06cc-efdf-4047-b4d5-7711305479a6}</UniqueIdentifier>
    </Filter>
    <Filter Include="a0_Player\2_Mage">
      <UniqueIdentifier>{70326dc8-d5c2-4111-b9c0-bcb88c432749}</UniqueIdentifier>
    </Filter>
    <Filter Include="a0_Player\3_Fighter">
      <UniqueIdentifier>{0a4bd0ad-7281-4727-a6fe-254ffe71a067}</UniqueIdentifier>
    </Filter>
    <Filter Include="06_Shop\PotionShop">
      <UniqueIdentifier>{bfcf08de-e0e5-4e55-b410-719420792675}</UniqueIdentifier>
    </Filter>
    <Filter Include="06_Shop\WeaponShop">
      <UniqueIdentifier>{9343a962-508f-40f2-97d8-937a463937dd}</UniqueIdentifier>
    </Filter>
    <Filter Include="06_Shop\ArmorShop">
      <UniqueIdentifier>{e0c5748f-3356-488f-aba2-d89a3e73d91a}</UniqueIdentifier>
    </Filter>
    <Filter Include="07_InventoryMenu">
      <UniqueIdentifier>{cb8a5456-d8f7-4a5b-8087-808e3a3902c5}</UniqueIdentifier>
    </Filter>
    <Filter Include="09_Item">
      <UniqueIdentifier>{16a1dc22-15f4-4373-a422-f49054c0fcf9}</UniqueIdentifier>
    </Filter>
    <Filter Include="09_Item\2_Potion">
      <UniqueIdentifier>{654ff326-abe9-4e82-9f48-8e54fd9dcb39}</UniqueIdentifier>
    </Filter>
    <Filter Include="08_Inventory">
      <UniqueIdentifier>{cef60a9a-c755-4e0a-b390-64bca552644a}</UniqueIdentifier>
    </Filter>
    <Filter Include="09_Item\Armor">
      <UniqueIdentifier>{2fce1bfa-7517-4446-a0f1-e7119a2a65a9}</UniqueIdentifier>
    </Filter>
    <Filter Include="09_Item\Weapon">
      <UniqueIdentifier>{a68c57d8-d739-4bb6-95c3-a72795d484c8}</UniqueIdentifier>
    </Filter>
    <Filter Include="04_Dungeon\2_MidDungeon">
      <UniqueIdentifier>{16191bc8-8d7b-4332-9374-a8f48074ea3d}</UniqueIdentifier>
    </Filter>
    <Filter Include="04_Dungeon\1_LowDungeon">
      <UniqueIdentifier>{12f0f1f6-2d68-4da2-829c-002d83517c03}</UniqueIdentifier>
    </Filter>
    <Filter Include="04_Dungeon\3.HighDungeon">
      <UniqueIdentifier>{2cdfc7d1-0d89-44d3-8541-55fd0aebf9bb}</UniqueIdentifier>
    </Filter>
    <Filter Include="b0_Monster\1_LowBossMonster">
      <UniqueIdentifier>{2757e155-7f06-41b1-82f2-85a9c34dff38}</UniqueIdentifier>
    </Filter>
  </ItemGroup>
  <ItemGroup>
    <ClInclude Include="pch.h">
      <Filter>헤더 파일</Filter>
    </ClInclude>
    <ClInclude Include="MainGame.h">
      <Filter>00_MainGame</Filter>
    </ClInclude>
    <ClInclude Include="Login.h">
      <Filter>01_Login</Filter>
    </ClInclude>
    <ClInclude Include="MainMenu.h">
      <Filter>02_MainMenu</Filter>
    </ClInclude>
    <ClInclude Include="Player.h">
      <Filter>a0_Player</Filter>
    </ClInclude>
    <ClInclude Include="Fighter.h">
      <Filter>a0_Player\3_Fighter</Filter>
    </ClInclude>
    <ClInclude Include="Mage.h">
      <Filter>a0_Player\2_Mage</Filter>
    </ClInclude>
    <ClInclude Include="Warrior.h">
      <Filter>a0_Player\1_Warrior</Filter>
    </ClInclude>
    <ClInclude Include="Item.h">
      <Filter>09_Item</Filter>
    </ClInclude>
    <ClInclude Include="Potion.h">
      <Filter>09_Item\2_Potion</Filter>
    </ClInclude>
    <ClInclude Include="Inventory.h">
      <Filter>08_Inventory</Filter>
    </ClInclude>
    <ClInclude Include="Armor.h">
      <Filter>09_Item\Armor</Filter>
    </ClInclude>
    <ClInclude Include="Weapon.h">
      <Filter>09_Item\Weapon</Filter>
    </ClInclude>
    <ClInclude Include="ShopMenu.h">
      <Filter>05_ShopMenu</Filter>
    </ClInclude>
    <ClInclude Include="Shop.h">
      <Filter>06_Shop</Filter>
    </ClInclude>
    <ClInclude Include="ArmorShop.h">
      <Filter>06_Shop\ArmorShop</Filter>
    </ClInclude>
    <ClInclude Include="WeaponShop.h">
      <Filter>06_Shop\WeaponShop</Filter>
    </ClInclude>
    <ClInclude Include="PotionShop.h">
      <Filter>06_Shop\PotionShop</Filter>
    </ClInclude>
    <ClInclude Include="InvenMenu.h">
      <Filter>07_InventoryMenu</Filter>
    </ClInclude>
    <ClInclude Include="Field.h">
      <Filter>03_Field</Filter>
    </ClInclude>
    <ClInclude Include="Dungeon.h">
      <Filter>04_Dungeon</Filter>
    </ClInclude>
    <ClInclude Include="LowDungeon.h">
      <Filter>04_Dungeon\1_LowDungeon</Filter>
    </ClInclude>
    <ClInclude Include="MidDungeon.h">
      <Filter>04_Dungeon\2_MidDungeon</Filter>
    </ClInclude>
    <ClInclude Include="HighDungeon.h">
      <Filter>04_Dungeon\3.HighDungeon</Filter>
    </ClInclude>
    <ClInclude Include="Monster.h">
      <Filter>b0_Monster</Filter>
    </ClInclude>
    <ClInclude Include="LowBossMonster.h">
      <Filter>b0_Monster\1_LowBossMonster</Filter>
    </ClInclude>
    <ClInclude Include="Color.h">
      <Filter>헤더 파일</Filter>
    </ClInclude>
  </ItemGroup>
  <ItemGroup>
    <ClCompile Include="TextRPG.cpp">
      <Filter>소스 파일</Filter>
    </ClCompile>
    <ClCompile Include="Define.h">
      <Filter>헤더 파일</Filter>
    </ClCompile>
    <ClCompile Include="MainGame.cpp">
      <Filter>00_MainGame</Filter>
    </ClCompile>
    <ClCompile Include="Login.cpp">
      <Filter>01_Login</Filter>
    </ClCompile>
    <ClCompile Include="MainMenu.cpp">
      <Filter>02_MainMenu</Filter>
    </ClCompile>
    <ClCompile Include="Player.cpp">
      <Filter>a0_Player</Filter>
    </ClCompile>
    <ClCompile Include="Fighter.cpp">
      <Filter>a0_Player\3_Fighter</Filter>
    </ClCompile>
    <ClCompile Include="Mage.cpp">
      <Filter>a0_Player\2_Mage</Filter>
    </ClCompile>
    <ClCompile Include="Warrior.cpp">
      <Filter>a0_Player\1_Warrior</Filter>
    </ClCompile>
    <ClCompile Include="Item.cpp">
      <Filter>09_Item</Filter>
    </ClCompile>
    <ClCompile Include="Potion.cpp">
      <Filter>09_Item\2_Potion</Filter>
    </ClCompile>
    <ClCompile Include="Inventory.cpp">
      <Filter>08_Inventory</Filter>
    </ClCompile>
    <ClCompile Include="Armor.cpp">
      <Filter>09_Item\Armor</Filter>
    </ClCompile>
    <ClCompile Include="Weapon.cpp">
      <Filter>09_Item\Weapon</Filter>
    </ClCompile>
    <ClCompile Include="ShopMenu.cpp">
      <Filter>05_ShopMenu</Filter>
    </ClCompile>
    <ClCompile Include="Shop.cpp">
      <Filter>06_Shop</Filter>
    </ClCompile>
    <ClCompile Include="ArmorShop.cpp">
      <Filter>06_Shop\ArmorShop</Filter>
    </ClCompile>
    <ClCompile Include="WeaponShop.cpp">
      <Filter>06_Shop\WeaponShop</Filter>
    </ClCompile>
    <ClCompile Include="PotionShop.cpp">
      <Filter>06_Shop\PotionShop</Filter>
    </ClCompile>
    <ClCompile Include="InvenMenu.cpp">
      <Filter>07_InventoryMenu</Filter>
    </ClCompile>
    <ClCompile Include="Field.cpp">
      <Filter>03_Field</Filter>
    </ClCompile>
    <ClCompile Include="Dungeon.cpp">
      <Filter>04_Dungeon</Filter>
    </ClCompile>
    <ClCompile Include="LowDungeon.cpp">
      <Filter>04_Dungeon\1_LowDungeon</Filter>
    </ClCompile>
    <ClCompile Include="MidDungeon.cpp">
      <Filter>04_Dungeon\2_MidDungeon</Filter>
    </ClCompile>
    <ClCompile Include="HighDungeon.cpp">
      <Filter>04_Dungeon\3.HighDungeon</Filter>
    </ClCompile>
    <ClCompile Include="Monster.cpp">
      <Filter>b0_Monster</Filter>
    </ClCompile>
    <ClCompile Include="LowBossMonster.cpp">
      <Filter>b0_Monster\1_LowBossMonster</Filter>
    </ClCompile>
    <ClCompile Include="Color.cpp">
      <Filter>소스 파일</Filter>
    </ClCompile>
  </ItemGroup>
</Project>